
Microsoft Visual Studio Solution File, Format Version 12.00
# Visual Studio Version 16
VisualStudioVersion = 16.0.31313.79
MinimumVisualStudioVersion = 10.0.40219.1
Project("{FAE04EC0-301F-11D3-BF4B-00C04F79EFBC}") = "DigitalLibraryAPI", "DigitalLibraryAPI.csproj", "{25DD4FDB-7E8A-4686-A920-8A4EC70C3387}"
EndProject
Global
	GlobalSection(SolutionConfigurationPlatforms) = preSolution
		Debug|Any CPU = Debug|Any CPU
		Release|Any CPU = Release|Any CPU
	EndGlobalSection
	GlobalSection(ProjectConfigurationPlatforms) = postSolution
		{25DD4FDB-7E8A-4686-A920-8A4EC70C3387}.Debug|Any CPU.ActiveCfg = Debug|Any CPU
		{25DD4FDB-7E8A-4686-A920-8A4EC70C3387}.Debug|Any CPU.Build.0 = Debug|Any CPU
		{25DD4FDB-7E8A-4686-A920-8A4EC70C3387}.Release|Any CPU.ActiveCfg = Release|Any CPU
		{25DD4FDB-7E8A-4686-A920-8A4EC70C3387}.Release|Any CPU.Build.0 = Release|Any CPU
	EndGlobalSection
	GlobalSection(SolutionProperties) = preSolution
		HideSolutionNode = FALSE
	EndGlobalSection
	GlobalSection(ExtensibilityGlobals) = postSolution
		SolutionGuid = {95DF73C8-EFCB-414E-869D-A95C2844107E}
	EndGlobalSection
EndGlobal
